{
    "_readme": [
        "This file locks the dependencies of your project to a known state",
        "Read more about it at http://getcomposer.org/doc/01-basic-usage.md#composer-lock-the-lock-file"
    ],
    "hash": "f2adf128ed2dcd729c3ac2d8b2312557",
    "packages": [
        {
            "name": "jorgenphi/php-snapchat",
            "version": "dev-master",
            "source": {
                "type": "git",
                "url": "https://github.com/JorgenPhi/php-snapchat.git",
                "reference": "237c62e3cc8c7be7f60e5b90472e04c1e9e83aa2"
            },
            "dist": {
                "type": "zip",
                "url": "https://api.github.com/repos/JorgenPhi/php-snapchat/zipball/237c62e3cc8c7be7f60e5b90472e04c1e9e83aa2",
                "reference": "237c62e3cc8c7be7f60e5b90472e04c1e9e83aa2",
                "shasum": ""
            },
            "require": {
                "ext-curl": "*",
                "ext-json": "*",
                "ext-mcrypt": "*",
                "php": ">=5.3.0"
            },
            "type": "library",
            "autoload": {
                "classmap": [
                    "src/"
                ]
            },
            "notification-url": "https://packagist.org/downloads/",
            "license": [
                "MIT"
            ],
            "authors": [
                {
                    "name": "Daniel Stelljes",
                    "email": "iam@danielstelljes.net"
                }
            ],
            "description": "A PHP library for the Snapchat API",
            "keywords": [
                "snapchat"
            ],
            "time": "2014-01-27 23:33:54"
        }
    ],
    "packages-dev": [

    ],
    "aliases": [

    ],
    "minimum-stability": "dev",
    "stability-flags": {
        "jorgenphi/php-snapchat": 20
    },
    "platform": {
        "php": ">=5.3.0"
    },
    "platform-dev": [

    ]
}
